// !$*UTF8*$!
{
	archiveVersion = 1;
	classes = {
	};
	objectVersion = 55;
	objects = {

/* Begin PBXBuildFile section */
		7610E8CE29155D96009BE09E /* TaskWidgetMedium.swift in Sources */ = {isa = PBXBuildFile; fileRef = 7610E8CD29155D96009BE09E /* TaskWidgetMedium.swift */; };
		7610E8CF29155DA1009BE09E /* TaskWidgetMedium.swift in Sources */ = {isa = PBXBuildFile; fileRef = 7610E8CD29155D96009BE09E /* TaskWidgetMedium.swift */; };
		7610E8D129155E63009BE09E /* TaskWidgetLarge.swift in Sources */ = {isa = PBXBuildFile; fileRef = 7610E8D029155E63009BE09E /* TaskWidgetLarge.swift */; };
		7610E8D229155E63009BE09E /* TaskWidgetLarge.swift in Sources */ = {isa = PBXBuildFile; fileRef = 7610E8D029155E63009BE09E /* TaskWidgetLarge.swift */; };
		7610E8D42917EEC7009BE09E /* TaskWidgetCircular.swift in Sources */ = {isa = PBXBuildFile; fileRef = 7610E8D32917EEC7009BE09E /* TaskWidgetCircular.swift */; };
		7610E8D52917EEC7009BE09E /* TaskWidgetCircular.swift in Sources */ = {isa = PBXBuildFile; fileRef = 7610E8D32917EEC7009BE09E /* TaskWidgetCircular.swift */; };
		767883C5278207960028B3DD /* AppDelegate.swift in Sources */ = {isa = PBXBuildFile; fileRef = 767883C4278207960028B3DD /* AppDelegate.swift */; };
		767883C7278207960028B3DD /* SceneDelegate.swift in Sources */ = {isa = PBXBuildFile; fileRef = 767883C6278207960028B3DD /* SceneDelegate.swift */; };
		767883C9278207960028B3DD /* ViewController.swift in Sources */ = {isa = PBXBuildFile; fileRef = 767883C8278207960028B3DD /* ViewController.swift */; };
		767883CC278207960028B3DD /* Main.storyboard in Resources */ = {isa = PBXBuildFile; fileRef = 767883CA278207960028B3DD /* Main.storyboard */; };
		767883CE278207970028B3DD /* Assets.xcassets in Resources */ = {isa = PBXBuildFile; fileRef = 767883CD278207970028B3DD /* Assets.xcassets */; };
		767883D1278207970028B3DD /* LaunchScreen.storyboard in Resources */ = {isa = PBXBuildFile; fileRef = 767883CF278207970028B3DD /* LaunchScreen.storyboard */; };
		767883DC278207970028B3DD /* Study_WidgetTests.swift in Sources */ = {isa = PBXBuildFile; fileRef = 767883DB278207970028B3DD /* Study_WidgetTests.swift */; };
		767883E6278207970028B3DD /* Study_WidgetUITests.swift in Sources */ = {isa = PBXBuildFile; fileRef = 767883E5278207970028B3DD /* Study_WidgetUITests.swift */; };
		767883E8278207970028B3DD /* Study_WidgetUITestsLaunchTests.swift in Sources */ = {isa = PBXBuildFile; fileRef = 767883E7278207970028B3DD /* Study_WidgetUITestsLaunchTests.swift */; };
		767883FB278207A90028B3DD /* WidgetKit.framework in Frameworks */ = {isa = PBXBuildFile; fileRef = 767883FA278207A90028B3DD /* WidgetKit.framework */; };
		767883FD278207A90028B3DD /* SwiftUI.framework in Frameworks */ = {isa = PBXBuildFile; fileRef = 767883FC278207A90028B3DD /* SwiftUI.framework */; };
		76788400278207A90028B3DD /* WidgetExtension.swift in Sources */ = {isa = PBXBuildFile; fileRef = 767883FF278207A90028B3DD /* WidgetExtension.swift */; };
		76788403278207AA0028B3DD /* Assets.xcassets in Resources */ = {isa = PBXBuildFile; fileRef = 76788402278207AA0028B3DD /* Assets.xcassets */; };
		76788405278207AA0028B3DD /* WidgetExtension.intentdefinition in Sources */ = {isa = PBXBuildFile; fileRef = 76788401278207A90028B3DD /* WidgetExtension.intentdefinition */; };
		76788406278207AA0028B3DD /* WidgetExtension.intentdefinition in Sources */ = {isa = PBXBuildFile; fileRef = 76788401278207A90028B3DD /* WidgetExtension.intentdefinition */; };
		76788409278207AA0028B3DD /* WidgetExtensionExtension.appex in Embed Foundation Extensions */ = {isa = PBXBuildFile; fileRef = 767883F8278207A90028B3DD /* WidgetExtensionExtension.appex */; settings = {ATTRIBUTES = (RemoveHeadersOnCopy, ); }; };
		767903BB29100D6B00B04F4C /* Task.swift in Sources */ = {isa = PBXBuildFile; fileRef = 767903BA29100D6B00B04F4C /* Task.swift */; };
		767903BC29100D6B00B04F4C /* Task.swift in Sources */ = {isa = PBXBuildFile; fileRef = 767903BA29100D6B00B04F4C /* Task.swift */; };
		767903C12910153600B04F4C /* TaskView.swift in Sources */ = {isa = PBXBuildFile; fileRef = 767903BE2910106D00B04F4C /* TaskView.swift */; };
		767903C32910156400B04F4C /* TaskView.swift in Sources */ = {isa = PBXBuildFile; fileRef = 767903BE2910106D00B04F4C /* TaskView.swift */; };
/* End PBXBuildFile section */

/* Begin PBXContainerItemProxy section */
		767883D8278207970028B3DD /* PBXContainerItemProxy */ = {
			isa = PBXContainerItemProxy;
			containerPortal = 767883B9278207960028B3DD /* Project object */;
			proxyType = 1;
			remoteGlobalIDString = 767883C0278207960028B3DD;
			remoteInfo = Study_Widget;
		};
		767883E2278207970028B3DD /* PBXContainerItemProxy */ = {
			isa = PBXContainerItemProxy;
			containerPortal = 767883B9278207960028B3DD /* Project object */;
			proxyType = 1;
			remoteGlobalIDString = 767883C0278207960028B3DD;
			remoteInfo = Study_Widget;
		};
		76788407278207AA0028B3DD /* PBXContainerItemProxy */ = {
			isa = PBXContainerItemProxy;
			containerPortal = 767883B9278207960028B3DD /* Project object */;
			proxyType = 1;
			remoteGlobalIDString = 767883F7278207A90028B3DD;
			remoteInfo = WidgetExtensionExtension;
		};
/* End PBXContainerItemProxy section */

/* Begin PBXCopyFilesBuildPhase section */
		7678840D278207AA0028B3DD /* Embed Foundation Extensions */ = {
			isa = PBXCopyFilesBuildPhase;
			buildActionMask = 2147483647;
			dstPath = "";
			dstSubfolderSpec = 13;
			files = (
				76788409278207AA0028B3DD /* WidgetExtensionExtension.appex in Embed Foundation Extensions */,
			);
			name = "Embed Foundation Extensions";
			runOnlyForDeploymentPostprocessing = 0;
		};
/* End PBXCopyFilesBuildPhase section */

/* Begin PBXFileReference section */
		7610E8CD29155D96009BE09E /* TaskWidgetMedium.swift */ = {isa = PBXFileReference; lastKnownFileType = sourcecode.swift; path = TaskWidgetMedium.swift; sourceTree = "<group>"; };
		7610E8D029155E63009BE09E /* TaskWidgetLarge.swift */ = {isa = PBXFileReference; lastKnownFileType = sourcecode.swift; path = TaskWidgetLarge.swift; sourceTree = "<group>"; };
		7610E8D32917EEC7009BE09E /* TaskWidgetCircular.swift */ = {isa = PBXFileReference; lastKnownFileType = sourcecode.swift; path = TaskWidgetCircular.swift; sourceTree = "<group>"; };
		767883C1278207960028B3DD /* Study_Widget.app */ = {isa = PBXFileReference; explicitFileType = wrapper.application; includeInIndex = 0; path = Study_Widget.app; sourceTree = BUILT_PRODUCTS_DIR; };
		767883C4278207960028B3DD /* AppDelegate.swift */ = {isa = PBXFileReference; lastKnownFileType = sourcecode.swift; path = AppDelegate.swift; sourceTree = "<group>"; };
		767883C6278207960028B3DD /* SceneDelegate.swift */ = {isa = PBXFileReference; lastKnownFileType = sourcecode.swift; path = SceneDelegate.swift; sourceTree = "<group>"; };
		767883C8278207960028B3DD /* ViewController.swift */ = {isa = PBXFileReference; lastKnownFileType = sourcecode.swift; path = ViewController.swift; sourceTree = "<group>"; };
		767883CB278207960028B3DD /* Base */ = {isa = PBXFileReference; lastKnownFileType = file.storyboard; name = Base; path = Base.lproj/Main.storyboard; sourceTree = "<group>"; };
		767883CD278207970028B3DD /* Assets.xcassets */ = {isa = PBXFileReference; lastKnownFileType = folder.assetcatalog; path = Assets.xcassets; sourceTree = "<group>"; };
		767883D0278207970028B3DD /* Base */ = {isa = PBXFileReference; lastKnownFileType = file.storyboard; name = Base; path = Base.lproj/LaunchScreen.storyboard; sourceTree = "<group>"; };
		767883D2278207970028B3DD /* Info.plist */ = {isa = PBXFileReference; lastKnownFileType = text.plist.xml; path = Info.plist; sourceTree = "<group>"; };
		767883D7278207970028B3DD /* Study_WidgetTests.xctest */ = {isa = PBXFileReference; explicitFileType = wrapper.cfbundle; includeInIndex = 0; path = Study_WidgetTests.xctest; sourceTree = BUILT_PRODUCTS_DIR; };
		767883DB278207970028B3DD /* Study_WidgetTests.swift */ = {isa = PBXFileReference; lastKnownFileType = sourcecode.swift; path = Study_WidgetTests.swift; sourceTree = "<group>"; };
		767883E1278207970028B3DD /* Study_WidgetUITests.xctest */ = {isa = PBXFileReference; explicitFileType = wrapper.cfbundle; includeInIndex = 0; path = Study_WidgetUITests.xctest; sourceTree = BUILT_PRODUCTS_DIR; };
		767883E5278207970028B3DD /* Study_WidgetUITests.swift */ = {isa = PBXFileReference; lastKnownFileType = sourcecode.swift; path = Study_WidgetUITests.swift; sourceTree = "<group>"; };
		767883E7278207970028B3DD /* Study_WidgetUITestsLaunchTests.swift */ = {isa = PBXFileReference; lastKnownFileType = sourcecode.swift; path = Study_WidgetUITestsLaunchTests.swift; sourceTree = "<group>"; };
		767883F8278207A90028B3DD /* WidgetExtensionExtension.appex */ = {isa = PBXFileReference; explicitFileType = "wrapper.app-extension"; includeInIndex = 0; path = WidgetExtensionExtension.appex; sourceTree = BUILT_PRODUCTS_DIR; };
		767883FA278207A90028B3DD /* WidgetKit.framework */ = {isa = PBXFileReference; lastKnownFileType = wrapper.framework; name = WidgetKit.framework; path = System/Library/Frameworks/WidgetKit.framework; sourceTree = SDKROOT; };
		767883FC278207A90028B3DD /* SwiftUI.framework */ = {isa = PBXFileReference; lastKnownFileType = wrapper.framework; name = SwiftUI.framework; path = System/Library/Frameworks/SwiftUI.framework; sourceTree = SDKROOT; };
		767883FF278207A90028B3DD /* WidgetExtension.swift */ = {isa = PBXFileReference; lastKnownFileType = sourcecode.swift; path = WidgetExtension.swift; sourceTree = "<group>"; };
		76788401278207A90028B3DD /* WidgetExtension.intentdefinition */ = {isa = PBXFileReference; lastKnownFileType = file.intentdefinition; path = WidgetExtension.intentdefinition; sourceTree = "<group>"; };
		76788402278207AA0028B3DD /* Assets.xcassets */ = {isa = PBXFileReference; lastKnownFileType = folder.assetcatalog; path = Assets.xcassets; sourceTree = "<group>"; };
		76788404278207AA0028B3DD /* Info.plist */ = {isa = PBXFileReference; lastKnownFileType = text.plist.xml; path = Info.plist; sourceTree = "<group>"; };
		767903BA29100D6B00B04F4C /* Task.swift */ = {isa = PBXFileReference; lastKnownFileType = sourcecode.swift; path = Task.swift; sourceTree = "<group>"; };
		767903BE2910106D00B04F4C /* TaskView.swift */ = {isa = PBXFileReference; lastKnownFileType = sourcecode.swift; path = TaskView.swift; sourceTree = "<group>"; };
/* End PBXFileReference section */

/* Begin PBXFrameworksBuildPhase section */
		767883BE278207960028B3DD /* Frameworks */ = {
			isa = PBXFrameworksBuildPhase;
			buildActionMask = 2147483647;
			files = (
			);
			runOnlyForDeploymentPostprocessing = 0;
		};
		767883D4278207970028B3DD /* Frameworks */ = {
			isa = PBXFrameworksBuildPhase;
			buildActionMask = 2147483647;
			files = (
			);
			runOnlyForDeploymentPostprocessing = 0;
		};
		767883DE278207970028B3DD /* Frameworks */ = {
			isa = PBXFrameworksBuildPhase;
			buildActionMask = 2147483647;
			files = (
			);
			runOnlyForDeploymentPostprocessing = 0;
		};
		767883F5278207A90028B3DD /* Frameworks */ = {
			isa = PBXFrameworksBuildPhase;
			buildActionMask = 2147483647;
			files = (
				767883FD278207A90028B3DD /* SwiftUI.framework in Frameworks */,
				767883FB278207A90028B3DD /* WidgetKit.framework in Frameworks */,
			);
			runOnlyForDeploymentPostprocessing = 0;
		};
/* End PBXFrameworksBuildPhase section */

/* Begin PBXGroup section */
		7610E8D62917EED2009BE09E /* Family */ = {
			isa = PBXGroup;
			children = (
				7610E8CD29155D96009BE09E /* TaskWidgetMedium.swift */,
				7610E8D029155E63009BE09E /* TaskWidgetLarge.swift */,
				7610E8D32917EEC7009BE09E /* TaskWidgetCircular.swift */,
			);
			path = Family;
			sourceTree = "<group>";
		};
		767883B8278207960028B3DD = {
			isa = PBXGroup;
			children = (
				767883C3278207960028B3DD /* Study_Widget */,
				767883DA278207970028B3DD /* Study_WidgetTests */,
				767883E4278207970028B3DD /* Study_WidgetUITests */,
				767883FE278207A90028B3DD /* WidgetExtension */,
				767883F9278207A90028B3DD /* Frameworks */,
				767883C2278207960028B3DD /* Products */,
			);
			sourceTree = "<group>";
		};
		767883C2278207960028B3DD /* Products */ = {
			isa = PBXGroup;
			children = (
				767883C1278207960028B3DD /* Study_Widget.app */,
				767883D7278207970028B3DD /* Study_WidgetTests.xctest */,
				767883E1278207970028B3DD /* Study_WidgetUITests.xctest */,
				767883F8278207A90028B3DD /* WidgetExtensionExtension.appex */,
			);
			name = Products;
			sourceTree = "<group>";
		};
		767883C3278207960028B3DD /* Study_Widget */ = {
			isa = PBXGroup;
			children = (
				767903BD29100E3F00B04F4C /* Model */,
				767883C4278207960028B3DD /* AppDelegate.swift */,
				767883C6278207960028B3DD /* SceneDelegate.swift */,
				767883C8278207960028B3DD /* ViewController.swift */,
				767883CA278207960028B3DD /* Main.storyboard */,
				767883CD278207970028B3DD /* Assets.xcassets */,
				767883CF278207970028B3DD /* LaunchScreen.storyboard */,
				767883D2278207970028B3DD /* Info.plist */,
			);
			path = Study_Widget;
			sourceTree = "<group>";
		};
		767883DA278207970028B3DD /* Study_WidgetTests */ = {
			isa = PBXGroup;
			children = (
				767883DB278207970028B3DD /* Study_WidgetTests.swift */,
			);
			path = Study_WidgetTests;
			sourceTree = "<group>";
		};
		767883E4278207970028B3DD /* Study_WidgetUITests */ = {
			isa = PBXGroup;
			children = (
				767883E5278207970028B3DD /* Study_WidgetUITests.swift */,
				767883E7278207970028B3DD /* Study_WidgetUITestsLaunchTests.swift */,
			);
			path = Study_WidgetUITests;
			sourceTree = "<group>";
		};
		767883F9278207A90028B3DD /* Frameworks */ = {
			isa = PBXGroup;
			children = (
				767883FA278207A90028B3DD /* WidgetKit.framework */,
				767883FC278207A90028B3DD /* SwiftUI.framework */,
			);
			name = Frameworks;
			sourceTree = "<group>";
		};
		767883FE278207A90028B3DD /* WidgetExtension */ = {
			isa = PBXGroup;
			children = (
				767883FF278207A90028B3DD /* WidgetExtension.swift */,
				767903BE2910106D00B04F4C /* TaskView.swift */,
				7610E8D62917EED2009BE09E /* Family */,
				76788401278207A90028B3DD /* WidgetExtension.intentdefinition */,
				76788402278207AA0028B3DD /* Assets.xcassets */,
				76788404278207AA0028B3DD /* Info.plist */,
			);
			path = WidgetExtension;
			sourceTree = "<group>";
		};
		767903BD29100E3F00B04F4C /* Model */ = {
			isa = PBXGroup;
			children = (
				767903BA29100D6B00B04F4C /* Task.swift */,
			);
			path = Model;
			sourceTree = "<group>";
		};
/* End PBXGroup section */

/* Begin PBXNativeTarget section */
		767883C0278207960028B3DD /* Study_Widget */ = {
			isa = PBXNativeTarget;
			buildConfigurationList = 767883EB278207970028B3DD /* Build configuration list for PBXNativeTarget "Study_Widget" */;
			buildPhases = (
				767883BD278207960028B3DD /* Sources */,
				767883BE278207960028B3DD /* Frameworks */,
				767883BF278207960028B3DD /* Resources */,
				7678840D278207AA0028B3DD /* Embed Foundation Extensions */,
			);
			buildRules = (
			);
			dependencies = (
				76788408278207AA0028B3DD /* PBXTargetDependency */,
			);
			name = Study_Widget;
			productName = Study_Widget;
			productReference = 767883C1278207960028B3DD /* Study_Widget.app */;
			productType = "com.apple.product-type.application";
		};
		767883D6278207970028B3DD /* Study_WidgetTests */ = {
			isa = PBXNativeTarget;
			buildConfigurationList = 767883EE278207970028B3DD /* Build configuration list for PBXNativeTarget "Study_WidgetTests" */;
			buildPhases = (
				767883D3278207970028B3DD /* Sources */,
				767883D4278207970028B3DD /* Frameworks */,
				767883D5278207970028B3DD /* Resources */,
			);
			buildRules = (
			);
			dependencies = (
				767883D9278207970028B3DD /* PBXTargetDependency */,
			);
			name = Study_WidgetTests;
			productName = Study_WidgetTests;
			productReference = 767883D7278207970028B3DD /* Study_WidgetTests.xctest */;
			productType = "com.apple.product-type.bundle.unit-test";
		};
		767883E0278207970028B3DD /* Study_WidgetUITests */ = {
			isa = PBXNativeTarget;
			buildConfigurationList = 767883F1278207970028B3DD /* Build configuration list for PBXNativeTarget "Study_WidgetUITests" */;
			buildPhases = (
				767883DD278207970028B3DD /* Sources */,
				767883DE278207970028B3DD /* Frameworks */,
				767883DF278207970028B3DD /* Resources */,
			);
			buildRules = (
			);
			dependencies = (
				767883E3278207970028B3DD /* PBXTargetDependency */,
			);
			name = Study_WidgetUITests;
			productName = Study_WidgetUITests;
			productReference = 767883E1278207970028B3DD /* Study_WidgetUITests.xctest */;
			productType = "com.apple.product-type.bundle.ui-testing";
		};
		767883F7278207A90028B3DD /* WidgetExtensionExtension */ = {
			isa = PBXNativeTarget;
			buildConfigurationList = 7678840A278207AA0028B3DD /* Build configuration list for PBXNativeTarget "WidgetExtensionExtension" */;
			buildPhases = (
				767883F4278207A90028B3DD /* Sources */,
				767883F5278207A90028B3DD /* Frameworks */,
				767883F6278207A90028B3DD /* Resources */,
			);
			buildRules = (
			);
			dependencies = (
			);
			name = WidgetExtensionExtension;
			productName = WidgetExtensionExtension;
			productReference = 767883F8278207A90028B3DD /* WidgetExtensionExtension.appex */;
			productType = "com.apple.product-type.app-extension";
		};
/* End PBXNativeTarget section */

/* Begin PBXProject section */
		767883B9278207960028B3DD /* Project object */ = {
			isa = PBXProject;
			attributes = {
				BuildIndependentTargetsInParallel = 1;
				LastSwiftUpdateCheck = 1320;
				LastUpgradeCheck = 1400;
				TargetAttributes = {
					767883C0278207960028B3DD = {
						CreatedOnToolsVersion = 13.2.1;
					};
					767883D6278207970028B3DD = {
						CreatedOnToolsVersion = 13.2.1;
						TestTargetID = 767883C0278207960028B3DD;
					};
					767883E0278207970028B3DD = {
						CreatedOnToolsVersion = 13.2.1;
						TestTargetID = 767883C0278207960028B3DD;
					};
					767883F7278207A90028B3DD = {
						CreatedOnToolsVersion = 13.2.1;
					};
				};
			};
			buildConfigurationList = 767883BC278207960028B3DD /* Build configuration list for PBXProject "Study_Widget" */;
			compatibilityVersion = "Xcode 13.0";
			developmentRegion = en;
			hasScannedForEncodings = 0;
			knownRegions = (
				en,
				Base,
			);
			mainGroup = 767883B8278207960028B3DD;
			productRefGroup = 767883C2278207960028B3DD /* Products */;
			projectDirPath = "";
			projectRoot = "";
			targets = (
				767883C0278207960028B3DD /* Study_Widget */,
				767883D6278207970028B3DD /* Study_WidgetTests */,
				767883E0278207970028B3DD /* Study_WidgetUITests */,
				767883F7278207A90028B3DD /* WidgetExtensionExtension */,
			);
		};
/* End PBXProject section */

/* Begin PBXResourcesBuildPhase section */
		767883BF278207960028B3DD /* Resources */ = {
			isa = PBXResourcesBuildPhase;
			buildActionMask = 2147483647;
			files = (
				767883D1278207970028B3DD /* LaunchScreen.storyboard in Resources */,
				767883CE278207970028B3DD /* Assets.xcassets in Resources */,
				767883CC278207960028B3DD /* Main.storyboard in Resources */,
			);
			runOnlyForDeploymentPostprocessing = 0;
		};
		767883D5278207970028B3DD /* Resources */ = {
			isa = PBXResourcesBuildPhase;
			buildActionMask = 2147483647;
			files = (
			);
			runOnlyForDeploymentPostprocessing = 0;
		};
		767883DF278207970028B3DD /* Resources */ = {
			isa = PBXResourcesBuildPhase;
			buildActionMask = 2147483647;
			files = (
			);
			runOnlyForDeploymentPostprocessing = 0;
		};
		767883F6278207A90028B3DD /* Resources */ = {
			isa = PBXResourcesBuildPhase;
			buildActionMask = 2147483647;
			files = (
				76788403278207AA0028B3DD /* Assets.xcassets in Resources */,
			);
			runOnlyForDeploymentPostprocessing = 0;
		};
/* End PBXResourcesBuildPhase section */

/* Begin PBXSourcesBuildPhase section */
		767883BD278207960028B3DD /* Sources */ = {
			isa = PBXSourcesBuildPhase;
			buildActionMask = 2147483647;
			files = (
				76788406278207AA0028B3DD /* WidgetExtension.intentdefinition in Sources */,
				767883C9278207960028B3DD /* ViewController.swift in Sources */,
				7610E8D129155E63009BE09E /* TaskWidgetLarge.swift in Sources */,
				7610E8CF29155DA1009BE09E /* TaskWidgetMedium.swift in Sources */,
				767903BB29100D6B00B04F4C /* Task.swift in Sources */,
				767903C32910156400B04F4C /* TaskView.swift in Sources */,
				7610E8D42917EEC7009BE09E /* TaskWidgetCircular.swift in Sources */,
				767883C5278207960028B3DD /* AppDelegate.swift in Sources */,
				767883C7278207960028B3DD /* SceneDelegate.swift in Sources */,
			);
			runOnlyForDeploymentPostprocessing = 0;
		};
		767883D3278207970028B3DD /* Sources */ = {
			isa = PBXSourcesBuildPhase;
			buildActionMask = 2147483647;
			files = (
				767883DC278207970028B3DD /* Study_WidgetTests.swift in Sources */,
			);
			runOnlyForDeploymentPostprocessing = 0;
		};
		767883DD278207970028B3DD /* Sources */ = {
			isa = PBXSourcesBuildPhase;
			buildActionMask = 2147483647;
			files = (
				767883E8278207970028B3DD /* Study_WidgetUITestsLaunchTests.swift in Sources */,
				767883E6278207970028B3DD /* Study_WidgetUITests.swift in Sources */,
			);
			runOnlyForDeploymentPostprocessing = 0;
		};
		767883F4278207A90028B3DD /* Sources */ = {
			isa = PBXSourcesBuildPhase;
			buildActionMask = 2147483647;
			files = (
				76788405278207AA0028B3DD /* WidgetExtension.intentdefinition in Sources */,
				767903BC29100D6B00B04F4C /* Task.swift in Sources */,
				76788400278207A90028B3DD /* WidgetExtension.swift in Sources */,
				767903C12910153600B04F4C /* TaskView.swift in Sources */,
				7610E8D229155E63009BE09E /* TaskWidgetLarge.swift in Sources */,
				7610E8D52917EEC7009BE09E /* TaskWidgetCircular.swift in Sources */,
				7610E8CE29155D96009BE09E /* TaskWidgetMedium.swift in Sources */,
			);
			runOnlyForDeploymentPostprocessing = 0;
		};
/* End PBXSourcesBuildPhase section */

/* Begin PBXTargetDependency section */
		767883D9278207970028B3DD /* PBXTargetDependency */ = {
			isa = PBXTargetDependency;
			target = 767883C0278207960028B3DD /* Study_Widget */;
			targetProxy = 767883D8278207970028B3DD /* PBXContainerItemProxy */;
		};
		767883E3278207970028B3DD /* PBXTargetDependency */ = {
			isa = PBXTargetDependency;
			target = 767883C0278207960028B3DD /* Study_Widget */;
			targetProxy = 767883E2278207970028B3DD /* PBXContainerItemProxy */;
		};
		76788408278207AA0028B3DD /* PBXTargetDependency */ = {
			isa = PBXTargetDependency;
			target = 767883F7278207A90028B3DD /* WidgetExtensionExtension */;
			targetProxy = 76788407278207AA0028B3DD /* PBXContainerItemProxy */;
		};
/* End PBXTargetDependency section */

/* Begin PBXVariantGroup section */
		767883CA278207960028B3DD /* Main.storyboard */ = {
			isa = PBXVariantGroup;
			children = (
				767883CB278207960028B3DD /* Base */,
			);
			name = Main.storyboard;
			sourceTree = "<group>";
		};
		767883CF278207970028B3DD /* LaunchScreen.storyboard */ = {
			isa = PBXVariantGroup;
			children = (
				767883D0278207970028B3DD /* Base */,
			);
			name = LaunchScreen.storyboard;
			sourceTree = "<group>";
		};
/* End PBXVariantGroup section */

/* Begin XCBuildConfiguration section */
		767883E9278207970028B3DD /* Debug */ = {
			isa = XCBuildConfiguration;
			buildSettings = {
				ALWAYS_SEARCH_USER_PATHS = NO;
				CLANG_ANALYZER_NONNULL = YES;
				CLANG_ANALYZER_NUMBER_OBJECT_CONVERSION = YES_AGGRESSIVE;
				CLANG_CXX_LANGUAGE_STANDARD = "gnu++17";
				CLANG_CXX_LIBRARY = "libc++";
				CLANG_ENABLE_MODULES = YES;
				CLANG_ENABLE_OBJC_ARC = YES;
				CLANG_ENABLE_OBJC_WEAK = YES;
				CLANG_WARN_BLOCK_CAPTURE_AUTORELEASING = YES;
				CLANG_WARN_BOOL_CONVERSION = YES;
				CLANG_WARN_COMMA = YES;
				CLANG_WARN_CONSTANT_CONVERSION = YES;
				CLANG_WARN_DEPRECATED_OBJC_IMPLEMENTATIONS = YES;
				CLANG_WARN_DIRECT_OBJC_ISA_USAGE = YES_ERROR;
				CLANG_WARN_DOCUMENTATION_COMMENTS = YES;
				CLANG_WARN_EMPTY_BODY = YES;
				CLANG_WARN_ENUM_CONVERSION = YES;
				CLANG_WARN_INFINITE_RECURSION = YES;
				CLANG_WARN_INT_CONVERSION = YES;
				CLANG_WARN_NON_LITERAL_NULL_CONVERSION = YES;
				CLANG_WARN_OBJC_IMPLICIT_RETAIN_SELF = YES;
				CLANG_WARN_OBJC_LITERAL_CONVERSION = YES;
				CLANG_WARN_OBJC_ROOT_CLASS = YES_ERROR;
				CLANG_WARN_QUOTED_INCLUDE_IN_FRAMEWORK_HEADER = YES;
				CLANG_WARN_RANGE_LOOP_ANALYSIS = YES;
				CLANG_WARN_STRICT_PROTOTYPES = YES;
				CLANG_WARN_SUSPICIOUS_MOVE = YES;
				CLANG_WARN_UNGUARDED_AVAILABILITY = YES_AGGRESSIVE;
				CLANG_WARN_UNREACHABLE_CODE = YES;
				CLANG_WARN__DUPLICATE_METHOD_MATCH = YES;
				COPY_PHASE_STRIP = NO;
				DEBUG_INFORMATION_FORMAT = dwarf;
				ENABLE_STRICT_OBJC_MSGSEND = YES;
				ENABLE_TESTABILITY = YES;
				GCC_C_LANGUAGE_STANDARD = gnu11;
				GCC_DYNAMIC_NO_PIC = NO;
				GCC_NO_COMMON_BLOCKS = YES;
				GCC_OPTIMIZATION_LEVEL = 0;
				GCC_PREPROCESSOR_DEFINITIONS = (
					"DEBUG=1",
					"$(inherited)",
				);
				GCC_WARN_64_TO_32_BIT_CONVERSION = YES;
				GCC_WARN_ABOUT_RETURN_TYPE = YES_ERROR;
				GCC_WARN_UNDECLARED_SELECTOR = YES;
				GCC_WARN_UNINITIALIZED_AUTOS = YES_AGGRESSIVE;
				GCC_WARN_UNUSED_FUNCTION = YES;
				GCC_WARN_UNUSED_VARIABLE = YES;
				IPHONEOS_DEPLOYMENT_TARGET = 15.2;
				MTL_ENABLE_DEBUG_INFO = INCLUDE_SOURCE;
				MTL_FAST_MATH = YES;
				ONLY_ACTIVE_ARCH = YES;
				SDKROOT = iphoneos;
				SWIFT_ACTIVE_COMPILATION_CONDITIONS = DEBUG;
				SWIFT_OPTIMIZATION_LEVEL = "-Onone";
			};
			name = Debug;
		};
		767883EA278207970028B3DD /* Release */ = {
			isa = XCBuildConfiguration;
			buildSettings = {
				ALWAYS_SEARCH_USER_PATHS = NO;
				CLANG_ANALYZER_NONNULL = YES;
				CLANG_ANALYZER_NUMBER_OBJECT_CONVERSION = YES_AGGRESSIVE;
				CLANG_CXX_LANGUAGE_STANDARD = "gnu++17";
				CLANG_CXX_LIBRARY = "libc++";
				CLANG_ENABLE_MODULES = YES;
				CLANG_ENABLE_OBJC_ARC = YES;
				CLANG_ENABLE_OBJC_WEAK = YES;
				CLANG_WARN_BLOCK_CAPTURE_AUTORELEASING = YES;
				CLANG_WARN_BOOL_CONVERSION = YES;
				CLANG_WARN_COMMA = YES;
				CLANG_WARN_CONSTANT_CONVERSION = YES;
				CLANG_WARN_DEPRECATED_OBJC_IMPLEMENTATIONS = YES;
				CLANG_WARN_DIRECT_OBJC_ISA_USAGE = YES_ERROR;
				CLANG_WARN_DOCUMENTATION_COMMENTS = YES;
				CLANG_WARN_EMPTY_BODY = YES;
				CLANG_WARN_ENUM_CONVERSION = YES;
				CLANG_WARN_INFINITE_RECURSION = YES;
				CLANG_WARN_INT_CONVERSION = YES;
				CLANG_WARN_NON_LITERAL_NULL_CONVERSION = YES;
				CLANG_WARN_OBJC_IMPLICIT_RETAIN_SELF = YES;
				CLANG_WARN_OBJC_LITERAL_CONVERSION = YES;
				CLANG_WARN_OBJC_ROOT_CLASS = YES_ERROR;
				CLANG_WARN_QUOTED_INCLUDE_IN_FRAMEWORK_HEADER = YES;
				CLANG_WARN_RANGE_LOOP_ANALYSIS = YES;
				CLANG_WARN_STRICT_PROTOTYPES = YES;
				CLANG_WARN_SUSPICIOUS_MOVE = YES;
				CLANG_WARN_UNGUARDED_AVAILABILITY = YES_AGGRESSIVE;
				CLANG_WARN_UNREACHABLE_CODE = YES;
				CLANG_WARN__DUPLICATE_METHOD_MATCH = YES;
				COPY_PHASE_STRIP = NO;
				DEBUG_INFORMATION_FORMAT = "dwarf-with-dsym";
				ENABLE_NS_ASSERTIONS = NO;
				ENABLE_STRICT_OBJC_MSGSEND = YES;
				GCC_C_LANGUAGE_STANDARD = gnu11;
				GCC_NO_COMMON_BLOCKS = YES;
				GCC_WARN_64_TO_32_BIT_CONVERSION = YES;
				GCC_WARN_ABOUT_RETURN_TYPE = YES_ERROR;
				GCC_WARN_UNDECLARED_SELECTOR = YES;
				GCC_WARN_UNINITIALIZED_AUTOS = YES_AGGRESSIVE;
				GCC_WARN_UNUSED_FUNCTION = YES;
				GCC_WARN_UNUSED_VARIABLE = YES;
				IPHONEOS_DEPLOYMENT_TARGET = 15.2;
				MTL_ENABLE_DEBUG_INFO = NO;
				MTL_FAST_MATH = YES;
				SDKROOT = iphoneos;
				SWIFT_COMPILATION_MODE = wholemodule;
				SWIFT_OPTIMIZATION_LEVEL = "-O";
				VALIDATE_PRODUCT = YES;
			};
			name = Release;
		};
		767883EC278207970028B3DD /* Debug */ = {
			isa = XCBuildConfiguration;
			buildSettings = {
				ALWAYS_EMBED_SWIFT_STANDARD_LIBRARIES = YES;
				ASSETCATALOG_COMPILER_APPICON_NAME = AppIcon;
				ASSETCATALOG_COMPILER_GLOBAL_ACCENT_COLOR_NAME = AccentColor;
				CODE_SIGN_STYLE = Automatic;
				CURRENT_PROJECT_VERSION = 1;
				DEVELOPMENT_TEAM = P9MW78T4QB;
				GENERATE_INFOPLIST_FILE = YES;
				INFOPLIST_FILE = Study_Widget/Info.plist;
				INFOPLIST_KEY_UIApplicationSupportsIndirectInputEvents = YES;
				INFOPLIST_KEY_UILaunchStoryboardName = LaunchScreen;
				INFOPLIST_KEY_UIMainStoryboardFile = Main;
				INFOPLIST_KEY_UISupportedInterfaceOrientations_iPad = "UIInterfaceOrientationPortrait UIInterfaceOrientationPortraitUpsideDown UIInterfaceOrientationLandscapeLeft UIInterfaceOrientationLandscapeRight";
				INFOPLIST_KEY_UISupportedInterfaceOrientations_iPhone = "UIInterfaceOrientationPortrait UIInterfaceOrientationLandscapeLeft UIInterfaceOrientationLandscapeRight";
				LD_RUNPATH_SEARCH_PATHS = (
					"$(inherited)",
					"@executable_path/Frameworks",
				);
				MARKETING_VERSION = 1.0;
				PRODUCT_BUNDLE_IDENTIFIER = "com.chagmn.Study-Widget";
				PRODUCT_NAME = "$(TARGET_NAME)";
				SWIFT_EMIT_LOC_STRINGS = YES;
				SWIFT_VERSION = 5.0;
				TARGETED_DEVICE_FAMILY = "1,2";
			};
			name = Debug;
		};
		767883ED278207970028B3DD /* Release */ = {
			isa = XCBuildConfiguration;
			buildSettings = {
				ALWAYS_EMBED_SWIFT_STANDARD_LIBRARIES = YES;
				ASSETCATALOG_COMPILER_APPICON_NAME = AppIcon;
				ASSETCATALOG_COMPILER_GLOBAL_ACCENT_COLOR_NAME = AccentColor;
				CODE_SIGN_STYLE = Automatic;
				CURRENT_PROJECT_VERSION = 1;
				DEVELOPMENT_TEAM = P9MW78T4QB;
				GENERATE_INFOPLIST_FILE = YES;
				INFOPLIST_FILE = Study_Widget/Info.plist;
				INFOPLIST_KEY_UIApplicationSupportsIndirectInputEvents = YES;
				INFOPLIST_KEY_UILaunchStoryboardName = LaunchScreen;
				INFOPLIST_KEY_UIMainStoryboardFile = Main;
				INFOPLIST_KEY_UISupportedInterfaceOrientations_iPad = "UIInterfaceOrientationPortrait UIInterfaceOrientationPortraitUpsideDown UIInterfaceOrientationLandscapeLeft UIInterfaceOrientationLandscapeRight";
				INFOPLIST_KEY_UISupportedInterfaceOrientations_iPhone = "UIInterfaceOrientationPortrait UIInterfaceOrientationLandscapeLeft UIInterfaceOrientationLandscapeRight";
				LD_RUNPATH_SEARCH_PATHS = (
					"$(inherited)",
					"@executable_path/Frameworks",
				);
				MARKETING_VERSION = 1.0;
				PRODUCT_BUNDLE_IDENTIFIER = "com.chagmn.Study-Widget";
				PRODUCT_NAME = "$(TARGET_NAME)";
				SWIFT_EMIT_LOC_STRINGS = YES;
				SWIFT_VERSION = 5.0;
				TARGETED_DEVICE_FAMILY = "1,2";
			};
			name = Release;
		};
		767883EF278207970028B3DD /* Debug */ = {
			isa = XCBuildConfiguration;
			buildSettings = {
				ALWAYS_EMBED_SWIFT_STANDARD_LIBRARIES = YES;
				BUNDLE_LOADER = "$(TEST_HOST)";
				CODE_SIGN_STYLE = Automatic;
				CURRENT_PROJECT_VERSION = 1;
				DEVELOPMENT_TEAM = P9MW78T4QB;
				GENERATE_INFOPLIST_FILE = YES;
				IPHONEOS_DEPLOYMENT_TARGET = 15.2;
				MARKETING_VERSION = 1.0;
				PRODUCT_BUNDLE_IDENTIFIER = "com.chagmn.Study-WidgetTests";
				PRODUCT_NAME = "$(TARGET_NAME)";
				SWIFT_EMIT_LOC_STRINGS = NO;
				SWIFT_VERSION = 5.0;
				TARGETED_DEVICE_FAMILY = "1,2";
				TEST_HOST = "$(BUILT_PRODUCTS_DIR)/Study_Widget.app/Study_Widget";
			};
			name = Debug;
		};
		767883F0278207970028B3DD /* Release */ = {
			isa = XCBuildConfiguration;
			buildSettings = {
				ALWAYS_EMBED_SWIFT_STANDARD_LIBRARIES = YES;
				BUNDLE_LOADER = "$(TEST_HOST)";
				CODE_SIGN_STYLE = Automatic;
				CURRENT_PROJECT_VERSION = 1;
				DEVELOPMENT_TEAM = P9MW78T4QB;
				GENERATE_INFOPLIST_FILE = YES;
				IPHONEOS_DEPLOYMENT_TARGET = 15.2;
				MARKETING_VERSION = 1.0;
				PRODUCT_BUNDLE_IDENTIFIER = "com.chagmn.Study-WidgetTests";
				PRODUCT_NAME = "$(TARGET_NAME)";
				SWIFT_EMIT_LOC_STRINGS = NO;
				SWIFT_VERSION = 5.0;
				TARGETED_DEVICE_FAMILY = "1,2";
				TEST_HOST = "$(BUILT_PRODUCTS_DIR)/Study_Widget.app/Study_Widget";
			};
			name = Release;
		};
		767883F2278207970028B3DD /* Debug */ = {
			isa = XCBuildConfiguration;
			buildSettings = {
				ALWAYS_EMBED_SWIFT_STANDARD_LIBRARIES = YES;
				CODE_SIGN_STYLE = Automatic;
				CURRENT_PROJECT_VERSION = 1;
				DEVELOPMENT_TEAM = P9MW78T4QB;
				GENERATE_INFOPLIST_FILE = YES;
				MARKETING_VERSION = 1.0;
				PRODUCT_BUNDLE_IDENTIFIER = "com.chagmn.Study-WidgetUITests";
				PRODUCT_NAME = "$(TARGET_NAME)";
				SWIFT_EMIT_LOC_STRINGS = NO;
				SWIFT_VERSION = 5.0;
				TARGETED_DEVICE_FAMILY = "1,2";
				TEST_TARGET_NAME = Study_Widget;
			};
			name = Debug;
		};
		767883F3278207970028B3DD /* Release */ = {
			isa = XCBuildConfiguration;
			buildSettings = {
				ALWAYS_EMBED_SWIFT_STANDARD_LIBRARIES = YES;
				CODE_SIGN_STYLE = Automatic;
				CURRENT_PROJECT_VERSION = 1;
				DEVELOPMENT_TEAM = P9MW78T4QB;
				GENERATE_INFOPLIST_FILE = YES;
				MARKETING_VERSION = 1.0;
				PRODUCT_BUNDLE_IDENTIFIER = "com.chagmn.Study-WidgetUITests";
				PRODUCT_NAME = "$(TARGET_NAME)";
				SWIFT_EMIT_LOC_STRINGS = NO;
				SWIFT_VERSION = 5.0;
				TARGETED_DEVICE_FAMILY = "1,2";
				TEST_TARGET_NAME = Study_Widget;
			};
			name = Release;
		};
		7678840B278207AA0028B3DD /* Debug */ = {
			isa = XCBuildConfiguration;
			buildSettings = {
				ASSETCATALOG_COMPILER_GLOBAL_ACCENT_COLOR_NAME = AccentColor;
				ASSETCATALOG_COMPILER_WIDGET_BACKGROUND_COLOR_NAME = WidgetBackground;
				CODE_SIGN_STYLE = Automatic;
				CURRENT_PROJECT_VERSION = 1;
				DEVELOPMENT_TEAM = P9MW78T4QB;
				GENERATE_INFOPLIST_FILE = YES;
				INFOPLIST_FILE = WidgetExtension/Info.plist;
				INFOPLIST_KEY_CFBundleDisplayName = WidgetExtension;
				INFOPLIST_KEY_NSHumanReadableCopyright = "";
				LD_RUNPATH_SEARCH_PATHS = (
					"$(inherited)",
					"@executable_path/Frameworks",
					"@executable_path/../../Frameworks",
				);
				MARKETING_VERSION = 1.0;
				PRODUCT_BUNDLE_IDENTIFIER = "com.chagmn.Study-Widget.WidgetExtension";
				PRODUCT_NAME = "$(TARGET_NAME)";
				SKIP_INSTALL = YES;
				SWIFT_EMIT_LOC_STRINGS = YES;
				SWIFT_VERSION = 5.0;
				TARGETED_DEVICE_FAMILY = "1,2";
			};
			name = Debug;
		};
		7678840C278207AA0028B3DD /* Release */ = {
			isa = XCBuildConfiguration;
			buildSettings = {
				ASSETCATALOG_COMPILER_GLOBAL_ACCENT_COLOR_NAME = AccentColor;
				ASSETCATALOG_COMPILER_WIDGET_BACKGROUND_COLOR_NAME = WidgetBackground;
				CODE_SIGN_STYLE = Automatic;
				CURRENT_PROJECT_VERSION = 1;
				DEVELOPMENT_TEAM = P9MW78T4QB;
				GENERATE_INFOPLIST_FILE = YES;
				INFOPLIST_FILE = WidgetExtension/Info.plist;
				INFOPLIST_KEY_CFBundleDisplayName = WidgetExtension;
				INFOPLIST_KEY_NSHumanReadableCopyright = "";
				LD_RUNPATH_SEARCH_PATHS = (
					"$(inherited)",
					"@executable_path/Frameworks",
					"@executable_path/../../Frameworks",
				);
				MARKETING_VERSION = 1.0;
				PRODUCT_BUNDLE_IDENTIFIER = "com.chagmn.Study-Widget.WidgetExtension";
				PRODUCT_NAME = "$(TARGET_NAME)";
				SKIP_INSTALL = YES;
				SWIFT_EMIT_LOC_STRINGS = YES;
				SWIFT_VERSION = 5.0;
				TARGETED_DEVICE_FAMILY = "1,2";
			};
			name = Release;
		};
/* End XCBuildConfiguration section */

/* Begin XCConfigurationList section */
		767883BC278207960028B3DD /* Build configuration list for PBXProject "Study_Widget" */ = {
			isa = XCConfigurationList;
			buildConfigurations = (
				767883E9278207970028B3DD /* Debug */,
				767883EA278207970028B3DD /* Release */,
			);
			defaultConfigurationIsVisible = 0;
			defaultConfigurationName = Release;
		};
		767883EB278207970028B3DD /* Build configuration list for PBXNativeTarget "Study_Widget" */ = {
			isa = XCConfigurationList;
			buildConfigurations = (
				767883EC278207970028B3DD /* Debug */,
				767883ED278207970028B3DD /* Release */,
			);
			defaultConfigurationIsVisible = 0;
			defaultConfigurationName = Release;
		};
		767883EE278207970028B3DD /* Build configuration list for PBXNativeTarget "Study_WidgetTests" */ = {
			isa = XCConfigurationList;
			buildConfigurations = (
				767883EF278207970028B3DD /* Debug */,
				767883F0278207970028B3DD /* Release */,
			);
			defaultConfigurationIsVisible = 0;
			defaultConfigurationName = Release;
		};
		767883F1278207970028B3DD /* Build configuration list for PBXNativeTarget "Study_WidgetUITests" */ = {
			isa = XCConfigurationList;
			buildConfigurations = (
				767883F2278207970028B3DD /* Debug */,
				767883F3278207970028B3DD /* Release */,
			);
			defaultConfigurationIsVisible = 0;
			defaultConfigurationName = Release;
		};
		7678840A278207AA0028B3DD /* Build configuration list for PBXNativeTarget "WidgetExtensionExtension" */ = {
			isa = XCConfigurationList;
			buildConfigurations = (
				7678840B278207AA0028B3DD /* Debug */,
				7678840C278207AA0028B3DD /* Release */,
			);
			defaultConfigurationIsVisible = 0;
			defaultConfigurationName = Release;
		};
/* End XCConfigurationList section */
	};
	rootObject = 767883B9278207960028B3DD /* Project object */;
}
